{
  "name": "renovate-digest-demo-01",
  "version": "1.0.0",
  "lockfileVersion": 2,
  "requires": true,
  "packages": {
    "": {
      "name": "renovate-digest-demo-01",
      "version": "1.0.0",
      "license": "ISC",
      "dependencies": {
        "ace-builds": "github:Progate/ace-builds",
        "path-parse": "https://github.com/hrkw00/path-parse#hrkw00/2022-060901"
      },
      "devDependencies": {
        "@types/node": "16.18.126"
      },
      "engines": {
        "node": "16.0.0"
      }
    },
    "node_modules/@types/node": {
      "version": "16.18.126",
      "resolved": "https://registry.npmjs.org/@types/node/-/node-16.18.126.tgz",
      "integrity": "sha512-OTcgaiwfGFBKacvfwuHzzn1KLxH/er8mluiy8/uM3sGXHaRe73RrSIj01jow9t4kJEW633Ov+cOexXeiApTyAw==",
      "dev": true
    },
    "node_modules/ace-builds": {
      "version": "1.4.3",
      "resolved": "git+ssh://git@github.com/Progate/ace-builds.git#9d6baf239167a108150c3a4130b430056cde87b5",
      "license": "BSD"
    },
    "node_modules/path-parse": {
      "version": "1.0.7",
      "resolved": "git+ssh://git@github.com/hrkw00/path-parse.git#481e76b23c71121410448460d8f2f5e8f4f1f4c2",
      "license": "MIT"
    }
  },
  "dependencies": {
    "@types/node": {
      "version": "16.18.126",
      "resolved": "https://registry.npmjs.org/@types/node/-/node-16.18.126.tgz",
      "integrity": "sha512-OTcgaiwfGFBKacvfwuHzzn1KLxH/er8mluiy8/uM3sGXHaRe73RrSIj01jow9t4kJEW633Ov+cOexXeiApTyAw==",
      "dev": true
    },
    "ace-builds": {
      "version": "git+ssh://git@github.com/Progate/ace-builds.git#9d6baf239167a108150c3a4130b430056cde87b5",
      "from": "ace-builds@github:Progate/ace-builds"
    },
    "path-parse": {
      "version": "git+ssh://git@github.com/hrkw00/path-parse.git#481e76b23c71121410448460d8f2f5e8f4f1f4c2",
      "from": "path-parse@https://github.com/hrkw00/path-parse#hrkw00/2022-060901"
    }
  }
}
